{
  "version": 4,
  "terraform_version": "1.7.0",
  "serial": 7,
  "lineage": "49e72d18-1070-6c47-6031-9cca6960dbd2",
  "outputs": {
    "output-example-id": {
      "value": "/subscriptions/a3840440-a000-4c91-aca7-6acd82b26850/resourceGroups/example-resource-group",
      "type": "string"
    },
    "output-example-name": {
      "value": "example-resource-group",
      "type": "string"
    }
  },
  "resources": [
    {
      "mode": "managed",
      "type": "azurerm_resource_group",
      "name": "example",
      "provider": "provider[\"registry.terraform.io/hashicorp/azurerm\"]",
      "instances": [
        {
          "schema_version": 0,
          "attributes": {
            "id": "/subscriptions/a3840440-a000-4c91-aca7-6acd82b26850/resourceGroups/example-resource-group",
            "location": "westeurope",
            "managed_by": "",
            "name": "example-resource-group",
            "tags": null,
            "timeouts": null
          },
          "sensitive_attributes": [],
          "private": "eyJlMmJmYjczMC1lY2FhLTExZTYtOGY4OC0zNDM2M2JjN2M0YzAiOnsiY3JlYXRlIjo1NDAwMDAwMDAwMDAwLCJkZWxldGUiOjU0MDAwMDAwMDAwMDAsInJlYWQiOjMwMDAwMDAwMDAwMCwidXBkYXRlIjo1NDAwMDAwMDAwMDAwfX0="
        }
      ]
    }
  ],
  "check_results": null
}
